// !$*UTF8*$!
{
	archiveVersion = 1;
	classes = {
	};
	objectVersion = 46;
	objects = {

/* Begin PBXBuildFile section */
		11568AAE15CCC4B4009BBE6A /* NSXMLElement+AttributedString.m in Sources */ = {isa = PBXBuildFile; fileRef = 11568AAD15CCC4B4009BBE6A /* NSXMLElement+AttributedString.m */; };
		11568AE415CD79D7009BBE6A /* Snipit-IQ.pdf in Resources */ = {isa = PBXBuildFile; fileRef = 11568AE115CD79D7009BBE6A /* Snipit-IQ.pdf */; };
		11568AE515CD79D7009BBE6A /* Snipit-Message.pdf in Resources */ = {isa = PBXBuildFile; fileRef = 11568AE215CD79D7009BBE6A /* Snipit-Message.pdf */; };
		11568AE615CD79D7009BBE6A /* Snipit-Presence.pdf in Resources */ = {isa = PBXBuildFile; fileRef = 11568AE315CD79D7009BBE6A /* Snipit-Presence.pdf */; };
		11568AE915CD8A14009BBE6A /* XCSnippetController.m in Sources */ = {isa = PBXBuildFile; fileRef = 11568AE815CD8A14009BBE6A /* XCSnippetController.m */; };
		11568AEC15CD8AD8009BBE6A /* XCSnippet.m in Sources */ = {isa = PBXBuildFile; fileRef = 11568AEB15CD8AD8009BBE6A /* XCSnippet.m */; };
		11568AEF15CD8FE0009BBE6A /* Snipit.png in Resources */ = {isa = PBXBuildFile; fileRef = 11568AED15CD8FE0009BBE6A /* Snipit.png */; };
		11568AF015CD8FE0009BBE6A /* Snipit@2x.png in Resources */ = {isa = PBXBuildFile; fileRef = 11568AEE15CD8FE0009BBE6A /* Snipit@2x.png */; };
		11D0794C15CB7D5000639604 /* Cocoa.framework in Frameworks */ = {isa = PBXBuildFile; fileRef = 11D0794B15CB7D5000639604 /* Cocoa.framework */; };
		11D0795615CB7D5000639604 /* InfoPlist.strings in Resources */ = {isa = PBXBuildFile; fileRef = 11D0795415CB7D5000639604 /* InfoPlist.strings */; };
		11D0795815CB7D5000639604 /* main.m in Sources */ = {isa = PBXBuildFile; fileRef = 11D0795715CB7D5000639604 /* main.m */; };
		11D0795C15CB7D5000639604 /* Credits.rtf in Resources */ = {isa = PBXBuildFile; fileRef = 11D0795A15CB7D5000639604 /* Credits.rtf */; };
		11D0795F15CB7D5000639604 /* XCAppDelegate.m in Sources */ = {isa = PBXBuildFile; fileRef = 11D0795E15CB7D5000639604 /* XCAppDelegate.m */; };
		11D0796215CB7D5000639604 /* MainMenu.xib in Resources */ = {isa = PBXBuildFile; fileRef = 11D0796015CB7D5000639604 /* MainMenu.xib */; };
		11D0798A15CB802000639604 /* Cocoa.framework in Frameworks */ = {isa = PBXBuildFile; fileRef = 11D0794B15CB7D5000639604 /* Cocoa.framework */; };
		11D0799915CB807A00639604 /* GCDAsyncSocket.h in Headers */ = {isa = PBXBuildFile; fileRef = 11D0799715CB807A00639604 /* GCDAsyncSocket.h */; };
		11D0799A15CB807A00639604 /* GCDAsyncSocket.m in Sources */ = {isa = PBXBuildFile; fileRef = 11D0799815CB807A00639604 /* GCDAsyncSocket.m */; };
		11D0799D15CB80A500639604 /* Security.framework in Frameworks */ = {isa = PBXBuildFile; fileRef = 11D0799B15CB809A00639604 /* Security.framework */; };
		11D079A015CB824200639604 /* libxml2.dylib in Frameworks */ = {isa = PBXBuildFile; fileRef = 11D0799E15CB823100639604 /* libxml2.dylib */; };
		11D079A515CB829800639604 /* idn-int.h in Headers */ = {isa = PBXBuildFile; fileRef = 11D079A215CB829800639604 /* idn-int.h */; };
		11D079A615CB829900639604 /* libidn.a in Frameworks */ = {isa = PBXBuildFile; fileRef = 11D079A315CB829800639604 /* libidn.a */; };
		11D079A715CB829900639604 /* stringprep.h in Headers */ = {isa = PBXBuildFile; fileRef = 11D079A415CB829800639604 /* stringprep.h */; };
		11D079D015CB831A00639604 /* NSData+XMPP.h in Headers */ = {isa = PBXBuildFile; fileRef = 11D079A915CB831A00639604 /* NSData+XMPP.h */; };
		11D079D115CB831A00639604 /* NSData+XMPP.m in Sources */ = {isa = PBXBuildFile; fileRef = 11D079AA15CB831A00639604 /* NSData+XMPP.m */; };
		11D079D215CB831A00639604 /* NSNumber+XMPP.h in Headers */ = {isa = PBXBuildFile; fileRef = 11D079AB15CB831A00639604 /* NSNumber+XMPP.h */; };
		11D079D315CB831A00639604 /* NSNumber+XMPP.m in Sources */ = {isa = PBXBuildFile; fileRef = 11D079AC15CB831A00639604 /* NSNumber+XMPP.m */; };
		11D079D415CB831A00639604 /* NSXMLElement+XMPP.h in Headers */ = {isa = PBXBuildFile; fileRef = 11D079AD15CB831A00639604 /* NSXMLElement+XMPP.h */; };
		11D079D515CB831A00639604 /* NSXMLElement+XMPP.m in Sources */ = {isa = PBXBuildFile; fileRef = 11D079AE15CB831A00639604 /* NSXMLElement+XMPP.m */; };
		11D079D615CB831A00639604 /* XMPP.h in Headers */ = {isa = PBXBuildFile; fileRef = 11D079B015CB831A00639604 /* XMPP.h */; };
		11D079D715CB831A00639604 /* XMPPElement.h in Headers */ = {isa = PBXBuildFile; fileRef = 11D079B115CB831A00639604 /* XMPPElement.h */; };
		11D079D815CB831A00639604 /* XMPPElement.m in Sources */ = {isa = PBXBuildFile; fileRef = 11D079B215CB831A00639604 /* XMPPElement.m */; };
		11D079D915CB831A00639604 /* XMPPInternal.h in Headers */ = {isa = PBXBuildFile; fileRef = 11D079B315CB831A00639604 /* XMPPInternal.h */; };
		11D079DA15CB831A00639604 /* XMPPIQ.h in Headers */ = {isa = PBXBuildFile; fileRef = 11D079B415CB831A00639604 /* XMPPIQ.h */; };
		11D079DB15CB831A00639604 /* XMPPIQ.m in Sources */ = {isa = PBXBuildFile; fileRef = 11D079B515CB831A00639604 /* XMPPIQ.m */; };
		11D079DC15CB831A00639604 /* XMPPJID.h in Headers */ = {isa = PBXBuildFile; fileRef = 11D079B615CB831A00639604 /* XMPPJID.h */; };
		11D079DD15CB831A00639604 /* XMPPJID.m in Sources */ = {isa = PBXBuildFile; fileRef = 11D079B715CB831A00639604 /* XMPPJID.m */; };
		11D079DE15CB831A00639604 /* XMPPLogging.h in Headers */ = {isa = PBXBuildFile; fileRef = 11D079B815CB831A00639604 /* XMPPLogging.h */; };
		11D079DF15CB831A00639604 /* XMPPMessage.h in Headers */ = {isa = PBXBuildFile; fileRef = 11D079B915CB831A00639604 /* XMPPMessage.h */; };
		11D079E015CB831A00639604 /* XMPPMessage.m in Sources */ = {isa = PBXBuildFile; fileRef = 11D079BA15CB831A00639604 /* XMPPMessage.m */; };
		11D079E115CB831A00639604 /* XMPPModule.h in Headers */ = {isa = PBXBuildFile; fileRef = 11D079BB15CB831A00639604 /* XMPPModule.h */; };
		11D079E215CB831A00639604 /* XMPPModule.m in Sources */ = {isa = PBXBuildFile; fileRef = 11D079BC15CB831A00639604 /* XMPPModule.m */; };
		11D079E315CB831A00639604 /* XMPPParser.h in Headers */ = {isa = PBXBuildFile; fileRef = 11D079BD15CB831A00639604 /* XMPPParser.h */; };
		11D079E415CB831A00639604 /* XMPPParser.m in Sources */ = {isa = PBXBuildFile; fileRef = 11D079BE15CB831A00639604 /* XMPPParser.m */; };
		11D079E515CB831A00639604 /* XMPPPresence.h in Headers */ = {isa = PBXBuildFile; fileRef = 11D079BF15CB831A00639604 /* XMPPPresence.h */; };
		11D079E615CB831A00639604 /* XMPPPresence.m in Sources */ = {isa = PBXBuildFile; fileRef = 11D079C015CB831A00639604 /* XMPPPresence.m */; };
		11D079E715CB831A00639604 /* XMPPStream.h in Headers */ = {isa = PBXBuildFile; fileRef = 11D079C115CB831A00639604 /* XMPPStream.h */; };
		11D079E815CB831A00639604 /* XMPPStream.m in Sources */ = {isa = PBXBuildFile; fileRef = 11D079C215CB831A00639604 /* XMPPStream.m */; };
		11D079E915CB831A00639604 /* DDList.h in Headers */ = {isa = PBXBuildFile; fileRef = 11D079C415CB831A00639604 /* DDList.h */; };
		11D079EA15CB831A00639604 /* DDList.m in Sources */ = {isa = PBXBuildFile; fileRef = 11D079C515CB831A00639604 /* DDList.m */; };
		11D079EB15CB831A00639604 /* GCDMulticastDelegate.h in Headers */ = {isa = PBXBuildFile; fileRef = 11D079C615CB831A00639604 /* GCDMulticastDelegate.h */; };
		11D079EC15CB831A00639604 /* GCDMulticastDelegate.m in Sources */ = {isa = PBXBuildFile; fileRef = 11D079C715CB831A00639604 /* GCDMulticastDelegate.m */; };
		11D079ED15CB831A00639604 /* LibIDN.h in Headers */ = {isa = PBXBuildFile; fileRef = 11D079C815CB831A00639604 /* LibIDN.h */; };
		11D079EE15CB831A00639604 /* LibIDN.m in Sources */ = {isa = PBXBuildFile; fileRef = 11D079C915CB831A00639604 /* LibIDN.m */; };
		11D079EF15CB831A00639604 /* RFImageToDataTransformer.h in Headers */ = {isa = PBXBuildFile; fileRef = 11D079CA15CB831A00639604 /* RFImageToDataTransformer.h */; };
		11D079F015CB831A00639604 /* RFImageToDataTransformer.m in Sources */ = {isa = PBXBuildFile; fileRef = 11D079CB15CB831A00639604 /* RFImageToDataTransformer.m */; };
		11D079F115CB831A00639604 /* XMPPIDTracker.h in Headers */ = {isa = PBXBuildFile; fileRef = 11D079CC15CB831A00639604 /* XMPPIDTracker.h */; };
		11D079F215CB831A00639604 /* XMPPIDTracker.m in Sources */ = {isa = PBXBuildFile; fileRef = 11D079CD15CB831A00639604 /* XMPPIDTracker.m */; };
		11D079F315CB831A00639604 /* XMPPSRVResolver.h in Headers */ = {isa = PBXBuildFile; fileRef = 11D079CE15CB831A00639604 /* XMPPSRVResolver.h */; };
		11D079F415CB831A00639604 /* XMPPSRVResolver.m in Sources */ = {isa = PBXBuildFile; fileRef = 11D079CF15CB831A00639604 /* XMPPSRVResolver.m */; };
		11D079F715CB833400639604 /* libresolv.dylib in Frameworks */ = {isa = PBXBuildFile; fileRef = 11D079F515CB832B00639604 /* libresolv.dylib */; };
		11D07A0715CB83B800639604 /* DDAbstractDatabaseLogger.h in Headers */ = {isa = PBXBuildFile; fileRef = 11D079FD15CB83B800639604 /* DDAbstractDatabaseLogger.h */; };
		11D07A0815CB83B800639604 /* DDAbstractDatabaseLogger.m in Sources */ = {isa = PBXBuildFile; fileRef = 11D079FE15CB83B800639604 /* DDAbstractDatabaseLogger.m */; };
		11D07A0915CB83B800639604 /* DDASLLogger.h in Headers */ = {isa = PBXBuildFile; fileRef = 11D079FF15CB83B800639604 /* DDASLLogger.h */; };
		11D07A0A15CB83B800639604 /* DDASLLogger.m in Sources */ = {isa = PBXBuildFile; fileRef = 11D07A0015CB83B800639604 /* DDASLLogger.m */; };
		11D07A0B15CB83B800639604 /* DDFileLogger.h in Headers */ = {isa = PBXBuildFile; fileRef = 11D07A0115CB83B800639604 /* DDFileLogger.h */; };
		11D07A0C15CB83B800639604 /* DDFileLogger.m in Sources */ = {isa = PBXBuildFile; fileRef = 11D07A0215CB83B800639604 /* DDFileLogger.m */; };
		11D07A0D15CB83B800639604 /* DDLog.h in Headers */ = {isa = PBXBuildFile; fileRef = 11D07A0315CB83B800639604 /* DDLog.h */; };
		11D07A0E15CB83B800639604 /* DDLog.m in Sources */ = {isa = PBXBuildFile; fileRef = 11D07A0415CB83B800639604 /* DDLog.m */; };
		11D07A0F15CB83B800639604 /* DDTTYLogger.h in Headers */ = {isa = PBXBuildFile; fileRef = 11D07A0515CB83B800639604 /* DDTTYLogger.h */; };
		11D07A1015CB83B800639604 /* DDTTYLogger.m in Sources */ = {isa = PBXBuildFile; fileRef = 11D07A0615CB83B800639604 /* DDTTYLogger.m */; };
		11D07A1615CB83C600639604 /* ContextFilterLogFormatter.h in Headers */ = {isa = PBXBuildFile; fileRef = 11D07A1115CB83C600639604 /* ContextFilterLogFormatter.h */; };
		11D07A1715CB83C600639604 /* ContextFilterLogFormatter.m in Sources */ = {isa = PBXBuildFile; fileRef = 11D07A1215CB83C600639604 /* ContextFilterLogFormatter.m */; };
		11D07A1815CB83C600639604 /* DispatchQueueLogFormatter.h in Headers */ = {isa = PBXBuildFile; fileRef = 11D07A1315CB83C600639604 /* DispatchQueueLogFormatter.h */; };
		11D07A1915CB83C600639604 /* DispatchQueueLogFormatter.m in Sources */ = {isa = PBXBuildFile; fileRef = 11D07A1415CB83C600639604 /* DispatchQueueLogFormatter.m */; };
		11D07A2E15CB840100639604 /* XMPPAnonymousAuthentication.h in Headers */ = {isa = PBXBuildFile; fileRef = 11D07A1C15CB840100639604 /* XMPPAnonymousAuthentication.h */; };
		11D07A2F15CB840100639604 /* XMPPAnonymousAuthentication.m in Sources */ = {isa = PBXBuildFile; fileRef = 11D07A1D15CB840100639604 /* XMPPAnonymousAuthentication.m */; };
		11D07A3015CB840100639604 /* XMPPDeprecatedDigestAuthentication.h in Headers */ = {isa = PBXBuildFile; fileRef = 11D07A1F15CB840100639604 /* XMPPDeprecatedDigestAuthentication.h */; };
		11D07A3115CB840100639604 /* XMPPDeprecatedDigestAuthentication.m in Sources */ = {isa = PBXBuildFile; fileRef = 11D07A2015CB840100639604 /* XMPPDeprecatedDigestAuthentication.m */; };
		11D07A3215CB840100639604 /* XMPPDeprecatedPlainAuthentication.h in Headers */ = {isa = PBXBuildFile; fileRef = 11D07A2215CB840100639604 /* XMPPDeprecatedPlainAuthentication.h */; };
		11D07A3315CB840100639604 /* XMPPDeprecatedPlainAuthentication.m in Sources */ = {isa = PBXBuildFile; fileRef = 11D07A2315CB840100639604 /* XMPPDeprecatedPlainAuthentication.m */; };
		11D07A3415CB840100639604 /* XMPPDigestMD5Authentication.h in Headers */ = {isa = PBXBuildFile; fileRef = 11D07A2515CB840100639604 /* XMPPDigestMD5Authentication.h */; };
		11D07A3515CB840100639604 /* XMPPDigestMD5Authentication.m in Sources */ = {isa = PBXBuildFile; fileRef = 11D07A2615CB840100639604 /* XMPPDigestMD5Authentication.m */; };
		11D07A3615CB840100639604 /* XMPPPlainAuthentication.h in Headers */ = {isa = PBXBuildFile; fileRef = 11D07A2815CB840100639604 /* XMPPPlainAuthentication.h */; };
		11D07A3715CB840100639604 /* XMPPPlainAuthentication.m in Sources */ = {isa = PBXBuildFile; fileRef = 11D07A2915CB840100639604 /* XMPPPlainAuthentication.m */; };
		11D07A3815CB840100639604 /* XMPPXFacebookPlatformAuthentication.h in Headers */ = {isa = PBXBuildFile; fileRef = 11D07A2B15CB840100639604 /* XMPPXFacebookPlatformAuthentication.h */; };
		11D07A3915CB840100639604 /* XMPPXFacebookPlatformAuthentication.m in Sources */ = {isa = PBXBuildFile; fileRef = 11D07A2C15CB840100639604 /* XMPPXFacebookPlatformAuthentication.m */; };
		11D07A3A15CB840100639604 /* XMPPSASLAuthentication.h in Headers */ = {isa = PBXBuildFile; fileRef = 11D07A2D15CB840100639604 /* XMPPSASLAuthentication.h */; };
		11D07A6F15CB899800639604 /* libXMPP.a in Frameworks */ = {isa = PBXBuildFile; fileRef = 11D0798915CB802000639604 /* libXMPP.a */; };
		11D07A7515CC1A8700639604 /* XCConnectionDocument.m in Sources */ = {isa = PBXBuildFile; fileRef = 11D07A7315CC1A8700639604 /* XCConnectionDocument.m */; };
		11D07A7615CC1A8700639604 /* XCConnectionDocument.xib in Resources */ = {isa = PBXBuildFile; fileRef = 11D07A7415CC1A8700639604 /* XCConnectionDocument.xib */; };
		11D07A8015CC41DD00639604 /* Security.framework in Frameworks */ = {isa = PBXBuildFile; fileRef = 11D0799B15CB809A00639604 /* Security.framework */; };
		11D07A8115CC41DD00639604 /* libxml2.dylib in Frameworks */ = {isa = PBXBuildFile; fileRef = 11D0799E15CB823100639604 /* libxml2.dylib */; };
		11D07A8215CC41DD00639604 /* libresolv.dylib in Frameworks */ = {isa = PBXBuildFile; fileRef = 11D079F515CB832B00639604 /* libresolv.dylib */; };
		11D07A8515CC923E00639604 /* XCJIDFormatter.m in Sources */ = {isa = PBXBuildFile; fileRef = 11D07A8415CC923E00639604 /* XCJIDFormatter.m */; };
/* End PBXBuildFile section */

/* Begin PBXContainerItemProxy section */
		11D07A7015CB8A4F00639604 /* PBXContainerItemProxy */ = {
			isa = PBXContainerItemProxy;
			containerPortal = 11D0793E15CB7D5000639604 /* Project object */;
			proxyType = 1;
			remoteGlobalIDString = 11D0798815CB802000639604;
			remoteInfo = XMPP;
		};
/* End PBXContainerItemProxy section */

/* Begin PBXFileReference section */
		11568AAC15CCC4B4009BBE6A /* NSXMLElement+AttributedString.h */ = {isa = PBXFileReference; fileEncoding = 4; lastKnownFileType = sourcecode.c.h; path = "NSXMLElement+AttributedString.h"; sourceTree = "<group>"; };
		11568AAD15CCC4B4009BBE6A /* NSXMLElement+AttributedString.m */ = {isa = PBXFileReference; fileEncoding = 4; lastKnownFileType = sourcecode.c.objc; path = "NSXMLElement+AttributedString.m"; sourceTree = "<group>"; };
		11568AE115CD79D7009BBE6A /* Snipit-IQ.pdf */ = {isa = PBXFileReference; lastKnownFileType = image.pdf; path = "Snipit-IQ.pdf"; sourceTree = "<group>"; };
		11568AE215CD79D7009BBE6A /* Snipit-Message.pdf */ = {isa = PBXFileReference; lastKnownFileType = image.pdf; path = "Snipit-Message.pdf"; sourceTree = "<group>"; };
		11568AE315CD79D7009BBE6A /* Snipit-Presence.pdf */ = {isa = PBXFileReference; lastKnownFileType = image.pdf; path = "Snipit-Presence.pdf"; sourceTree = "<group>"; };
		11568AE715CD8A14009BBE6A /* XCSnippetController.h */ = {isa = PBXFileReference; fileEncoding = 4; lastKnownFileType = sourcecode.c.h; path = XCSnippetController.h; sourceTree = "<group>"; };
		11568AE815CD8A14009BBE6A /* XCSnippetController.m */ = {isa = PBXFileReference; fileEncoding = 4; lastKnownFileType = sourcecode.c.objc; path = XCSnippetController.m; sourceTree = "<group>"; };
		11568AEA15CD8AD8009BBE6A /* XCSnippet.h */ = {isa = PBXFileReference; fileEncoding = 4; lastKnownFileType = sourcecode.c.h; path = XCSnippet.h; sourceTree = "<group>"; };
		11568AEB15CD8AD8009BBE6A /* XCSnippet.m */ = {isa = PBXFileReference; fileEncoding = 4; lastKnownFileType = sourcecode.c.objc; path = XCSnippet.m; sourceTree = "<group>"; };
		11568AED15CD8FE0009BBE6A /* Snipit.png */ = {isa = PBXFileReference; lastKnownFileType = image.png; path = Snipit.png; sourceTree = "<group>"; };
		11568AEE15CD8FE0009BBE6A /* Snipit@2x.png */ = {isa = PBXFileReference; lastKnownFileType = image.png; path = "Snipit@2x.png"; sourceTree = "<group>"; };
		11D0794715CB7D5000639604 /* XMPPConsole.app */ = {isa = PBXFileReference; explicitFileType = wrapper.application; includeInIndex = 0; path = XMPPConsole.app; sourceTree = BUILT_PRODUCTS_DIR; };
		11D0794B15CB7D5000639604 /* Cocoa.framework */ = {isa = PBXFileReference; lastKnownFileType = wrapper.framework; name = Cocoa.framework; path = System/Library/Frameworks/Cocoa.framework; sourceTree = SDKROOT; };
		11D0794E15CB7D5000639604 /* AppKit.framework */ = {isa = PBXFileReference; lastKnownFileType = wrapper.framework; name = AppKit.framework; path = System/Library/Frameworks/AppKit.framework; sourceTree = SDKROOT; };
		11D0794F15CB7D5000639604 /* CoreData.framework */ = {isa = PBXFileReference; lastKnownFileType = wrapper.framework; name = CoreData.framework; path = System/Library/Frameworks/CoreData.framework; sourceTree = SDKROOT; };
		11D0795015CB7D5000639604 /* Foundation.framework */ = {isa = PBXFileReference; lastKnownFileType = wrapper.framework; name = Foundation.framework; path = System/Library/Frameworks/Foundation.framework; sourceTree = SDKROOT; };
		11D0795315CB7D5000639604 /* XMPPConsole-Info.plist */ = {isa = PBXFileReference; lastKnownFileType = text.plist.xml; path = "XMPPConsole-Info.plist"; sourceTree = "<group>"; };
		11D0795515CB7D5000639604 /* en */ = {isa = PBXFileReference; lastKnownFileType = text.plist.strings; name = en; path = en.lproj/InfoPlist.strings; sourceTree = "<group>"; };
		11D0795715CB7D5000639604 /* main.m */ = {isa = PBXFileReference; lastKnownFileType = sourcecode.c.objc; path = main.m; sourceTree = "<group>"; };
		11D0795915CB7D5000639604 /* XMPPConsole-Prefix.pch */ = {isa = PBXFileReference; lastKnownFileType = sourcecode.c.h; path = "XMPPConsole-Prefix.pch"; sourceTree = "<group>"; };
		11D0795B15CB7D5000639604 /* en */ = {isa = PBXFileReference; lastKnownFileType = text.rtf; name = en; path = en.lproj/Credits.rtf; sourceTree = "<group>"; };
		11D0795D15CB7D5000639604 /* XCAppDelegate.h */ = {isa = PBXFileReference; lastKnownFileType = sourcecode.c.h; path = XCAppDelegate.h; sourceTree = "<group>"; };
		11D0795E15CB7D5000639604 /* XCAppDelegate.m */ = {isa = PBXFileReference; lastKnownFileType = sourcecode.c.objc; path = XCAppDelegate.m; sourceTree = "<group>"; };
		11D0796115CB7D5000639604 /* en */ = {isa = PBXFileReference; lastKnownFileType = file.xib; name = en; path = en.lproj/MainMenu.xib; sourceTree = "<group>"; };
		11D0798915CB802000639604 /* libXMPP.a */ = {isa = PBXFileReference; explicitFileType = archive.ar; includeInIndex = 0; path = libXMPP.a; sourceTree = BUILT_PRODUCTS_DIR; };
		11D0798D15CB802000639604 /* XMPP-Prefix.pch */ = {isa = PBXFileReference; lastKnownFileType = sourcecode.c.h; path = "XMPP-Prefix.pch"; sourceTree = "<group>"; };
		11D0799715CB807A00639604 /* GCDAsyncSocket.h */ = {isa = PBXFileReference; fileEncoding = 4; lastKnownFileType = sourcecode.c.h; path = GCDAsyncSocket.h; sourceTree = "<group>"; };
		11D0799815CB807A00639604 /* GCDAsyncSocket.m */ = {isa = PBXFileReference; fileEncoding = 4; lastKnownFileType = sourcecode.c.objc; path = GCDAsyncSocket.m; sourceTree = "<group>"; };
		11D0799B15CB809A00639604 /* Security.framework */ = {isa = PBXFileReference; lastKnownFileType = wrapper.framework; name = Security.framework; path = System/Library/Frameworks/Security.framework; sourceTree = SDKROOT; };
		11D0799E15CB823100639604 /* libxml2.dylib */ = {isa = PBXFileReference; lastKnownFileType = "compiled.mach-o.dylib"; name = libxml2.dylib; path = usr/lib/libxml2.dylib; sourceTree = SDKROOT; };
		11D079A215CB829800639604 /* idn-int.h */ = {isa = PBXFileReference; fileEncoding = 4; lastKnownFileType = sourcecode.c.h; name = "idn-int.h"; path = "XMPPFramework/Vendor/libidn/idn-int.h"; sourceTree = SOURCE_ROOT; };
		11D079A315CB829800639604 /* libidn.a */ = {isa = PBXFileReference; lastKnownFileType = archive.ar; name = libidn.a; path = XMPPFramework/Vendor/libidn/libidn.a; sourceTree = SOURCE_ROOT; };
		11D079A415CB829800639604 /* stringprep.h */ = {isa = PBXFileReference; fileEncoding = 4; lastKnownFileType = sourcecode.c.h; name = stringprep.h; path = XMPPFramework/Vendor/libidn/stringprep.h; sourceTree = SOURCE_ROOT; };
		11D079A915CB831A00639604 /* NSData+XMPP.h */ = {isa = PBXFileReference; fileEncoding = 4; lastKnownFileType = sourcecode.c.h; path = "NSData+XMPP.h"; sourceTree = "<group>"; };
		11D079AA15CB831A00639604 /* NSData+XMPP.m */ = {isa = PBXFileReference; fileEncoding = 4; lastKnownFileType = sourcecode.c.objc; path = "NSData+XMPP.m"; sourceTree = "<group>"; };
		11D079AB15CB831A00639604 /* NSNumber+XMPP.h */ = {isa = PBXFileReference; fileEncoding = 4; lastKnownFileType = sourcecode.c.h; path = "NSNumber+XMPP.h"; sourceTree = "<group>"; };
		11D079AC15CB831A00639604 /* NSNumber+XMPP.m */ = {isa = PBXFileReference; fileEncoding = 4; lastKnownFileType = sourcecode.c.objc; path = "NSNumber+XMPP.m"; sourceTree = "<group>"; };
		11D079AD15CB831A00639604 /* NSXMLElement+XMPP.h */ = {isa = PBXFileReference; fileEncoding = 4; lastKnownFileType = sourcecode.c.h; path = "NSXMLElement+XMPP.h"; sourceTree = "<group>"; };
		11D079AE15CB831A00639604 /* NSXMLElement+XMPP.m */ = {isa = PBXFileReference; fileEncoding = 4; lastKnownFileType = sourcecode.c.objc; path = "NSXMLElement+XMPP.m"; sourceTree = "<group>"; };
		11D079B015CB831A00639604 /* XMPP.h */ = {isa = PBXFileReference; fileEncoding = 4; lastKnownFileType = sourcecode.c.h; path = XMPP.h; sourceTree = "<group>"; };
		11D079B115CB831A00639604 /* XMPPElement.h */ = {isa = PBXFileReference; fileEncoding = 4; lastKnownFileType = sourcecode.c.h; path = XMPPElement.h; sourceTree = "<group>"; };
		11D079B215CB831A00639604 /* XMPPElement.m */ = {isa = PBXFileReference; fileEncoding = 4; lastKnownFileType = sourcecode.c.objc; path = XMPPElement.m; sourceTree = "<group>"; };
		11D079B315CB831A00639604 /* XMPPInternal.h */ = {isa = PBXFileReference; fileEncoding = 4; lastKnownFileType = sourcecode.c.h; path = XMPPInternal.h; sourceTree = "<group>"; };
		11D079B415CB831A00639604 /* XMPPIQ.h */ = {isa = PBXFileReference; fileEncoding = 4; lastKnownFileType = sourcecode.c.h; path = XMPPIQ.h; sourceTree = "<group>"; };
		11D079B515CB831A00639604 /* XMPPIQ.m */ = {isa = PBXFileReference; fileEncoding = 4; lastKnownFileType = sourcecode.c.objc; path = XMPPIQ.m; sourceTree = "<group>"; };
		11D079B615CB831A00639604 /* XMPPJID.h */ = {isa = PBXFileReference; fileEncoding = 4; lastKnownFileType = sourcecode.c.h; path = XMPPJID.h; sourceTree = "<group>"; };
		11D079B715CB831A00639604 /* XMPPJID.m */ = {isa = PBXFileReference; fileEncoding = 4; lastKnownFileType = sourcecode.c.objc; path = XMPPJID.m; sourceTree = "<group>"; };
		11D079B815CB831A00639604 /* XMPPLogging.h */ = {isa = PBXFileReference; fileEncoding = 4; lastKnownFileType = sourcecode.c.h; path = XMPPLogging.h; sourceTree = "<group>"; };
		11D079B915CB831A00639604 /* XMPPMessage.h */ = {isa = PBXFileReference; fileEncoding = 4; lastKnownFileType = sourcecode.c.h; path = XMPPMessage.h; sourceTree = "<group>"; };
		11D079BA15CB831A00639604 /* XMPPMessage.m */ = {isa = PBXFileReference; fileEncoding = 4; lastKnownFileType = sourcecode.c.objc; path = XMPPMessage.m; sourceTree = "<group>"; };
		11D079BB15CB831A00639604 /* XMPPModule.h */ = {isa = PBXFileReference; fileEncoding = 4; lastKnownFileType = sourcecode.c.h; path = XMPPModule.h; sourceTree = "<group>"; };
		11D079BC15CB831A00639604 /* XMPPModule.m */ = {isa = PBXFileReference; fileEncoding = 4; lastKnownFileType = sourcecode.c.objc; path = XMPPModule.m; sourceTree = "<group>"; };
		11D079BD15CB831A00639604 /* XMPPParser.h */ = {isa = PBXFileReference; fileEncoding = 4; lastKnownFileType = sourcecode.c.h; path = XMPPParser.h; sourceTree = "<group>"; };
		11D079BE15CB831A00639604 /* XMPPParser.m */ = {isa = PBXFileReference; fileEncoding = 4; lastKnownFileType = sourcecode.c.objc; path = XMPPParser.m; sourceTree = "<group>"; };
		11D079BF15CB831A00639604 /* XMPPPresence.h */ = {isa = PBXFileReference; fileEncoding = 4; lastKnownFileType = sourcecode.c.h; path = XMPPPresence.h; sourceTree = "<group>"; };
		11D079C015CB831A00639604 /* XMPPPresence.m */ = {isa = PBXFileReference; fileEncoding = 4; lastKnownFileType = sourcecode.c.objc; path = XMPPPresence.m; sourceTree = "<group>"; };
		11D079C115CB831A00639604 /* XMPPStream.h */ = {isa = PBXFileReference; fileEncoding = 4; lastKnownFileType = sourcecode.c.h; path = XMPPStream.h; sourceTree = "<group>"; xcLanguageSpecificationIdentifier = xcode.lang.objcpp; };
		11D079C215CB831A00639604 /* XMPPStream.m */ = {isa = PBXFileReference; fileEncoding = 4; lastKnownFileType = sourcecode.c.objc; path = XMPPStream.m; sourceTree = "<group>"; xcLanguageSpecificationIdentifier = xcode.lang.objc; };
		11D079C415CB831A00639604 /* DDList.h */ = {isa = PBXFileReference; fileEncoding = 4; lastKnownFileType = sourcecode.c.h; path = DDList.h; sourceTree = "<group>"; };
		11D079C515CB831A00639604 /* DDList.m */ = {isa = PBXFileReference; fileEncoding = 4; lastKnownFileType = sourcecode.c.objc; path = DDList.m; sourceTree = "<group>"; };
		11D079C615CB831A00639604 /* GCDMulticastDelegate.h */ = {isa = PBXFileReference; fileEncoding = 4; lastKnownFileType = sourcecode.c.h; path = GCDMulticastDelegate.h; sourceTree = "<group>"; };
		11D079C715CB831A00639604 /* GCDMulticastDelegate.m */ = {isa = PBXFileReference; fileEncoding = 4; lastKnownFileType = sourcecode.c.objc; path = GCDMulticastDelegate.m; sourceTree = "<group>"; };
		11D079C815CB831A00639604 /* LibIDN.h */ = {isa = PBXFileReference; fileEncoding = 4; lastKnownFileType = sourcecode.c.h; path = LibIDN.h; sourceTree = "<group>"; };
		11D079C915CB831A00639604 /* LibIDN.m */ = {isa = PBXFileReference; fileEncoding = 4; lastKnownFileType = sourcecode.c.objc; path = LibIDN.m; sourceTree = "<group>"; };
		11D079CA15CB831A00639604 /* RFImageToDataTransformer.h */ = {isa = PBXFileReference; fileEncoding = 4; lastKnownFileType = sourcecode.c.h; path = RFImageToDataTransformer.h; sourceTree = "<group>"; };
		11D079CB15CB831A00639604 /* RFImageToDataTransformer.m */ = {isa = PBXFileReference; fileEncoding = 4; lastKnownFileType = sourcecode.c.objc; path = RFImageToDataTransformer.m; sourceTree = "<group>"; };
		11D079CC15CB831A00639604 /* XMPPIDTracker.h */ = {isa = PBXFileReference; fileEncoding = 4; lastKnownFileType = sourcecode.c.h; path = XMPPIDTracker.h; sourceTree = "<group>"; };
		11D079CD15CB831A00639604 /* XMPPIDTracker.m */ = {isa = PBXFileReference; fileEncoding = 4; lastKnownFileType = sourcecode.c.objc; path = XMPPIDTracker.m; sourceTree = "<group>"; };
		11D079CE15CB831A00639604 /* XMPPSRVResolver.h */ = {isa = PBXFileReference; fileEncoding = 4; lastKnownFileType = sourcecode.c.h; path = XMPPSRVResolver.h; sourceTree = "<group>"; };
		11D079CF15CB831A00639604 /* XMPPSRVResolver.m */ = {isa = PBXFileReference; fileEncoding = 4; lastKnownFileType = sourcecode.c.objc; path = XMPPSRVResolver.m; sourceTree = "<group>"; };
		11D079F515CB832B00639604 /* libresolv.dylib */ = {isa = PBXFileReference; lastKnownFileType = "compiled.mach-o.dylib"; name = libresolv.dylib; path = usr/lib/libresolv.dylib; sourceTree = SDKROOT; };
		11D079FD15CB83B800639604 /* DDAbstractDatabaseLogger.h */ = {isa = PBXFileReference; fileEncoding = 4; lastKnownFileType = sourcecode.c.h; path = DDAbstractDatabaseLogger.h; sourceTree = "<group>"; };
		11D079FE15CB83B800639604 /* DDAbstractDatabaseLogger.m */ = {isa = PBXFileReference; fileEncoding = 4; lastKnownFileType = sourcecode.c.objc; path = DDAbstractDatabaseLogger.m; sourceTree = "<group>"; };
		11D079FF15CB83B800639604 /* DDASLLogger.h */ = {isa = PBXFileReference; fileEncoding = 4; lastKnownFileType = sourcecode.c.h; path = DDASLLogger.h; sourceTree = "<group>"; };
		11D07A0015CB83B800639604 /* DDASLLogger.m */ = {isa = PBXFileReference; fileEncoding = 4; lastKnownFileType = sourcecode.c.objc; path = DDASLLogger.m; sourceTree = "<group>"; };
		11D07A0115CB83B800639604 /* DDFileLogger.h */ = {isa = PBXFileReference; fileEncoding = 4; lastKnownFileType = sourcecode.c.h; path = DDFileLogger.h; sourceTree = "<group>"; };
		11D07A0215CB83B800639604 /* DDFileLogger.m */ = {isa = PBXFileReference; fileEncoding = 4; lastKnownFileType = sourcecode.c.objc; path = DDFileLogger.m; sourceTree = "<group>"; };
		11D07A0315CB83B800639604 /* DDLog.h */ = {isa = PBXFileReference; fileEncoding = 4; lastKnownFileType = sourcecode.c.h; path = DDLog.h; sourceTree = "<group>"; };
		11D07A0415CB83B800639604 /* DDLog.m */ = {isa = PBXFileReference; fileEncoding = 4; lastKnownFileType = sourcecode.c.objc; path = DDLog.m; sourceTree = "<group>"; };
		11D07A0515CB83B800639604 /* DDTTYLogger.h */ = {isa = PBXFileReference; fileEncoding = 4; lastKnownFileType = sourcecode.c.h; path = DDTTYLogger.h; sourceTree = "<group>"; };
		11D07A0615CB83B800639604 /* DDTTYLogger.m */ = {isa = PBXFileReference; fileEncoding = 4; lastKnownFileType = sourcecode.c.objc; path = DDTTYLogger.m; sourceTree = "<group>"; };
		11D07A1115CB83C600639604 /* ContextFilterLogFormatter.h */ = {isa = PBXFileReference; fileEncoding = 4; lastKnownFileType = sourcecode.c.h; path = ContextFilterLogFormatter.h; sourceTree = "<group>"; };
		11D07A1215CB83C600639604 /* ContextFilterLogFormatter.m */ = {isa = PBXFileReference; fileEncoding = 4; lastKnownFileType = sourcecode.c.objc; path = ContextFilterLogFormatter.m; sourceTree = "<group>"; };
		11D07A1315CB83C600639604 /* DispatchQueueLogFormatter.h */ = {isa = PBXFileReference; fileEncoding = 4; lastKnownFileType = sourcecode.c.h; path = DispatchQueueLogFormatter.h; sourceTree = "<group>"; };
		11D07A1415CB83C600639604 /* DispatchQueueLogFormatter.m */ = {isa = PBXFileReference; fileEncoding = 4; lastKnownFileType = sourcecode.c.objc; path = DispatchQueueLogFormatter.m; sourceTree = "<group>"; };
		11D07A1515CB83C600639604 /* README.txt */ = {isa = PBXFileReference; fileEncoding = 4; lastKnownFileType = text; path = README.txt; sourceTree = "<group>"; };
		11D07A1C15CB840100639604 /* XMPPAnonymousAuthentication.h */ = {isa = PBXFileReference; fileEncoding = 4; lastKnownFileType = sourcecode.c.h; path = XMPPAnonymousAuthentication.h; sourceTree = "<group>"; };
		11D07A1D15CB840100639604 /* XMPPAnonymousAuthentication.m */ = {isa = PBXFileReference; fileEncoding = 4; lastKnownFileType = sourcecode.c.objc; path = XMPPAnonymousAuthentication.m; sourceTree = "<group>"; };
		11D07A1F15CB840100639604 /* XMPPDeprecatedDigestAuthentication.h */ = {isa = PBXFileReference; fileEncoding = 4; lastKnownFileType = sourcecode.c.h; path = XMPPDeprecatedDigestAuthentication.h; sourceTree = "<group>"; };
		11D07A2015CB840100639604 /* XMPPDeprecatedDigestAuthentication.m */ = {isa = PBXFileReference; fileEncoding = 4; lastKnownFileType = sourcecode.c.objc; path = XMPPDeprecatedDigestAuthentication.m; sourceTree = "<group>"; };
		11D07A2215CB840100639604 /* XMPPDeprecatedPlainAuthentication.h */ = {isa = PBXFileReference; fileEncoding = 4; lastKnownFileType = sourcecode.c.h; path = XMPPDeprecatedPlainAuthentication.h; sourceTree = "<group>"; };
		11D07A2315CB840100639604 /* XMPPDeprecatedPlainAuthentication.m */ = {isa = PBXFileReference; fileEncoding = 4; lastKnownFileType = sourcecode.c.objc; path = XMPPDeprecatedPlainAuthentication.m; sourceTree = "<group>"; };
		11D07A2515CB840100639604 /* XMPPDigestMD5Authentication.h */ = {isa = PBXFileReference; fileEncoding = 4; lastKnownFileType = sourcecode.c.h; path = XMPPDigestMD5Authentication.h; sourceTree = "<group>"; };
		11D07A2615CB840100639604 /* XMPPDigestMD5Authentication.m */ = {isa = PBXFileReference; fileEncoding = 4; lastKnownFileType = sourcecode.c.objc; path = XMPPDigestMD5Authentication.m; sourceTree = "<group>"; };
		11D07A2815CB840100639604 /* XMPPPlainAuthentication.h */ = {isa = PBXFileReference; fileEncoding = 4; lastKnownFileType = sourcecode.c.h; path = XMPPPlainAuthentication.h; sourceTree = "<group>"; };
		11D07A2915CB840100639604 /* XMPPPlainAuthentication.m */ = {isa = PBXFileReference; fileEncoding = 4; lastKnownFileType = sourcecode.c.objc; path = XMPPPlainAuthentication.m; sourceTree = "<group>"; };
		11D07A2B15CB840100639604 /* XMPPXFacebookPlatformAuthentication.h */ = {isa = PBXFileReference; fileEncoding = 4; lastKnownFileType = sourcecode.c.h; path = XMPPXFacebookPlatformAuthentication.h; sourceTree = "<group>"; };
		11D07A2C15CB840100639604 /* XMPPXFacebookPlatformAuthentication.m */ = {isa = PBXFileReference; fileEncoding = 4; lastKnownFileType = sourcecode.c.objc; path = XMPPXFacebookPlatformAuthentication.m; sourceTree = "<group>"; };
		11D07A2D15CB840100639604 /* XMPPSASLAuthentication.h */ = {isa = PBXFileReference; fileEncoding = 4; lastKnownFileType = sourcecode.c.h; path = XMPPSASLAuthentication.h; sourceTree = "<group>"; };
		11D07A7215CC1A8700639604 /* XCConnectionDocument.h */ = {isa = PBXFileReference; fileEncoding = 4; lastKnownFileType = sourcecode.c.h; path = XCConnectionDocument.h; sourceTree = "<group>"; };
		11D07A7315CC1A8700639604 /* XCConnectionDocument.m */ = {isa = PBXFileReference; fileEncoding = 4; lastKnownFileType = sourcecode.c.objc; path = XCConnectionDocument.m; sourceTree = "<group>"; };
		11D07A7415CC1A8700639604 /* XCConnectionDocument.xib */ = {isa = PBXFileReference; fileEncoding = 4; lastKnownFileType = file.xib; path = XCConnectionDocument.xib; sourceTree = "<group>"; };
		11D07A8315CC923E00639604 /* XCJIDFormatter.h */ = {isa = PBXFileReference; fileEncoding = 4; lastKnownFileType = sourcecode.c.h; path = XCJIDFormatter.h; sourceTree = "<group>"; };
		11D07A8415CC923E00639604 /* XCJIDFormatter.m */ = {isa = PBXFileReference; fileEncoding = 4; lastKnownFileType = sourcecode.c.objc; path = XCJIDFormatter.m; sourceTree = "<group>"; };
/* End PBXFileReference section */

/* Begin PBXFrameworksBuildPhase section */
		11D0794415CB7D5000639604 /* Frameworks */ = {
			isa = PBXFrameworksBuildPhase;
			buildActionMask = 2147483647;
			files = (
				11D07A6F15CB899800639604 /* libXMPP.a in Frameworks */,
				11D0794C15CB7D5000639604 /* Cocoa.framework in Frameworks */,
				11D07A8015CC41DD00639604 /* Security.framework in Frameworks */,
				11D07A8115CC41DD00639604 /* libxml2.dylib in Frameworks */,
				11D07A8215CC41DD00639604 /* libresolv.dylib in Frameworks */,
			);
			runOnlyForDeploymentPostprocessing = 0;
		};
		11D0798615CB802000639604 /* Frameworks */ = {
			isa = PBXFrameworksBuildPhase;
			buildActionMask = 2147483647;
			files = (
				11D0798A15CB802000639604 /* Cocoa.framework in Frameworks */,
				11D0799D15CB80A500639604 /* Security.framework in Frameworks */,
				11D079A015CB824200639604 /* libxml2.dylib in Frameworks */,
				11D079F715CB833400639604 /* libresolv.dylib in Frameworks */,
				11D079A615CB829900639604 /* libidn.a in Frameworks */,
			);
			runOnlyForDeploymentPostprocessing = 0;
		};
/* End PBXFrameworksBuildPhase section */

/* Begin PBXGroup section */
		11568AAA15CCC3B9009BBE6A /* Categories */ = {
			isa = PBXGroup;
			children = (
				11568AAC15CCC4B4009BBE6A /* NSXMLElement+AttributedString.h */,
				11568AAD15CCC4B4009BBE6A /* NSXMLElement+AttributedString.m */,
			);
			name = Categories;
			sourceTree = "<group>";
		};
		11568ADE15CD7533009BBE6A /* Images */ = {
			isa = PBXGroup;
			children = (
				11568AED15CD8FE0009BBE6A /* Snipit.png */,
				11568AEE15CD8FE0009BBE6A /* Snipit@2x.png */,
				11568AE115CD79D7009BBE6A /* Snipit-IQ.pdf */,
				11568AE215CD79D7009BBE6A /* Snipit-Message.pdf */,
				11568AE315CD79D7009BBE6A /* Snipit-Presence.pdf */,
			);
			path = Images;
			sourceTree = "<group>";
		};
		11D0793C15CB7D5000639604 = {
			isa = PBXGroup;
			children = (
				11D0798B15CB802000639604 /* XMPP */,
				11D0795115CB7D5000639604 /* XMPPConsole */,
				11D0794A15CB7D5000639604 /* Frameworks */,
				11D0794815CB7D5000639604 /* Products */,
			);
			sourceTree = "<group>";
		};
		11D0794815CB7D5000639604 /* Products */ = {
			isa = PBXGroup;
			children = (
				11D0794715CB7D5000639604 /* XMPPConsole.app */,
				11D0798915CB802000639604 /* libXMPP.a */,
			);
			name = Products;
			sourceTree = "<group>";
		};
		11D0794A15CB7D5000639604 /* Frameworks */ = {
			isa = PBXGroup;
			children = (
				11D0794B15CB7D5000639604 /* Cocoa.framework */,
				11D0799B15CB809A00639604 /* Security.framework */,
				11D0799E15CB823100639604 /* libxml2.dylib */,
				11D079F515CB832B00639604 /* libresolv.dylib */,
				11D079A315CB829800639604 /* libidn.a */,
				11D0794D15CB7D5000639604 /* Other Frameworks */,
			);
			name = Frameworks;
			sourceTree = "<group>";
		};
		11D0794D15CB7D5000639604 /* Other Frameworks */ = {
			isa = PBXGroup;
			children = (
				11D0794E15CB7D5000639604 /* AppKit.framework */,
				11D0794F15CB7D5000639604 /* CoreData.framework */,
				11D0795015CB7D5000639604 /* Foundation.framework */,
			);
			name = "Other Frameworks";
			sourceTree = "<group>";
		};
		11D0795115CB7D5000639604 /* XMPPConsole */ = {
			isa = PBXGroup;
			children = (
				11D0795D15CB7D5000639604 /* XCAppDelegate.h */,
				11D0795E15CB7D5000639604 /* XCAppDelegate.m */,
				11D0796015CB7D5000639604 /* MainMenu.xib */,
				11D07A7215CC1A8700639604 /* XCConnectionDocument.h */,
				11D07A7315CC1A8700639604 /* XCConnectionDocument.m */,
				11D07A7415CC1A8700639604 /* XCConnectionDocument.xib */,
				11D07A8315CC923E00639604 /* XCJIDFormatter.h */,
				11D07A8415CC923E00639604 /* XCJIDFormatter.m */,
				11568AE715CD8A14009BBE6A /* XCSnippetController.h */,
				11568AE815CD8A14009BBE6A /* XCSnippetController.m */,
				11568AEA15CD8AD8009BBE6A /* XCSnippet.h */,
				11568AEB15CD8AD8009BBE6A /* XCSnippet.m */,
				11568AAA15CCC3B9009BBE6A /* Categories */,
				11D0795215CB7D5000639604 /* Supporting Files */,
			);
			path = XMPPConsole;
			sourceTree = "<group>";
		};
		11D0795215CB7D5000639604 /* Supporting Files */ = {
			isa = PBXGroup;
			children = (
				11568ADE15CD7533009BBE6A /* Images */,
				11D0795315CB7D5000639604 /* XMPPConsole-Info.plist */,
				11D0795415CB7D5000639604 /* InfoPlist.strings */,
				11D0795715CB7D5000639604 /* main.m */,
				11D0795915CB7D5000639604 /* XMPPConsole-Prefix.pch */,
				11D0795A15CB7D5000639604 /* Credits.rtf */,
			);
			name = "Supporting Files";
			sourceTree = "<group>";
		};
		11D0798B15CB802000639604 /* XMPP */ = {
			isa = PBXGroup;
			children = (
				11D07A1A15CB840100639604 /* Authentication */,
				11D079A815CB831900639604 /* Categories */,
				11D079AF15CB831A00639604 /* Core */,
				11D079C315CB831A00639604 /* Utilities */,
				11D079A115CB828B00639604 /* libidn */,
				11D0799615CB807900639604 /* CocoaAsyncSocket */,
				11D0799415CB803D00639604 /* CocoaLumberjack */,
				11D0798C15CB802000639604 /* Supporting Files */,
			);
			path = XMPP;
			sourceTree = "<group>";
		};
		11D0798C15CB802000639604 /* Supporting Files */ = {
			isa = PBXGroup;
			children = (
				11D0798D15CB802000639604 /* XMPP-Prefix.pch */,
			);
			name = "Supporting Files";
			sourceTree = "<group>";
		};
		11D0799415CB803D00639604 /* CocoaLumberjack */ = {
			isa = PBXGroup;
			children = (
				11D079FD15CB83B800639604 /* DDAbstractDatabaseLogger.h */,
				11D079FE15CB83B800639604 /* DDAbstractDatabaseLogger.m */,
				11D079FF15CB83B800639604 /* DDASLLogger.h */,
				11D07A0015CB83B800639604 /* DDASLLogger.m */,
				11D07A0115CB83B800639604 /* DDFileLogger.h */,
				11D07A0215CB83B800639604 /* DDFileLogger.m */,
				11D07A0315CB83B800639604 /* DDLog.h */,
				11D07A0415CB83B800639604 /* DDLog.m */,
				11D07A0515CB83B800639604 /* DDTTYLogger.h */,
				11D07A0615CB83B800639604 /* DDTTYLogger.m */,
				11D0799515CB803D00639604 /* Extensions */,
			);
			name = CocoaLumberjack;
			path = XMPPFramework/Vendor/CocoaLumberjack;
			sourceTree = SOURCE_ROOT;
		};
		11D0799515CB803D00639604 /* Extensions */ = {
			isa = PBXGroup;
			children = (
				11D07A1115CB83C600639604 /* ContextFilterLogFormatter.h */,
				11D07A1215CB83C600639604 /* ContextFilterLogFormatter.m */,
				11D07A1315CB83C600639604 /* DispatchQueueLogFormatter.h */,
				11D07A1415CB83C600639604 /* DispatchQueueLogFormatter.m */,
				11D07A1515CB83C600639604 /* README.txt */,
			);
			path = Extensions;
			sourceTree = "<group>";
		};
		11D0799615CB807900639604 /* CocoaAsyncSocket */ = {
			isa = PBXGroup;
			children = (
				11D0799715CB807A00639604 /* GCDAsyncSocket.h */,
				11D0799815CB807A00639604 /* GCDAsyncSocket.m */,
			);
			name = CocoaAsyncSocket;
			path = XMPPFramework/Vendor/CocoaAsyncSocket;
			sourceTree = SOURCE_ROOT;
		};
		11D079A115CB828B00639604 /* libidn */ = {
			isa = PBXGroup;
			children = (
				11D079A215CB829800639604 /* idn-int.h */,
				11D079A415CB829800639604 /* stringprep.h */,
			);
			name = libidn;
			sourceTree = "<group>";
		};
		11D079A815CB831900639604 /* Categories */ = {
			isa = PBXGroup;
			children = (
				11D079A915CB831A00639604 /* NSData+XMPP.h */,
				11D079AA15CB831A00639604 /* NSData+XMPP.m */,
				11D079AB15CB831A00639604 /* NSNumber+XMPP.h */,
				11D079AC15CB831A00639604 /* NSNumber+XMPP.m */,
				11D079AD15CB831A00639604 /* NSXMLElement+XMPP.h */,
				11D079AE15CB831A00639604 /* NSXMLElement+XMPP.m */,
			);
			name = Categories;
			path = XMPPFramework/Categories;
			sourceTree = SOURCE_ROOT;
		};
		11D079AF15CB831A00639604 /* Core */ = {
			isa = PBXGroup;
			children = (
				11D079B015CB831A00639604 /* XMPP.h */,
				11D079B115CB831A00639604 /* XMPPElement.h */,
				11D079B215CB831A00639604 /* XMPPElement.m */,
				11D079B315CB831A00639604 /* XMPPInternal.h */,
				11D079B415CB831A00639604 /* XMPPIQ.h */,
				11D079B515CB831A00639604 /* XMPPIQ.m */,
				11D079B615CB831A00639604 /* XMPPJID.h */,
				11D079B715CB831A00639604 /* XMPPJID.m */,
				11D079B815CB831A00639604 /* XMPPLogging.h */,
				11D079B915CB831A00639604 /* XMPPMessage.h */,
				11D079BA15CB831A00639604 /* XMPPMessage.m */,
				11D079BB15CB831A00639604 /* XMPPModule.h */,
				11D079BC15CB831A00639604 /* XMPPModule.m */,
				11D079BD15CB831A00639604 /* XMPPParser.h */,
				11D079BE15CB831A00639604 /* XMPPParser.m */,
				11D079BF15CB831A00639604 /* XMPPPresence.h */,
				11D079C015CB831A00639604 /* XMPPPresence.m */,
				11D079C115CB831A00639604 /* XMPPStream.h */,
				11D079C215CB831A00639604 /* XMPPStream.m */,
			);
			name = Core;
			path = XMPPFramework/Core;
			sourceTree = SOURCE_ROOT;
		};
		11D079C315CB831A00639604 /* Utilities */ = {
			isa = PBXGroup;
			children = (
				11D079C415CB831A00639604 /* DDList.h */,
				11D079C515CB831A00639604 /* DDList.m */,
				11D079C615CB831A00639604 /* GCDMulticastDelegate.h */,
				11D079C715CB831A00639604 /* GCDMulticastDelegate.m */,
				11D079C815CB831A00639604 /* LibIDN.h */,
				11D079C915CB831A00639604 /* LibIDN.m */,
				11D079CA15CB831A00639604 /* RFImageToDataTransformer.h */,
				11D079CB15CB831A00639604 /* RFImageToDataTransformer.m */,
				11D079CC15CB831A00639604 /* XMPPIDTracker.h */,
				11D079CD15CB831A00639604 /* XMPPIDTracker.m */,
				11D079CE15CB831A00639604 /* XMPPSRVResolver.h */,
				11D079CF15CB831A00639604 /* XMPPSRVResolver.m */,
			);
			name = Utilities;
			path = XMPPFramework/Utilities;
			sourceTree = SOURCE_ROOT;
		};
		11D07A1A15CB840100639604 /* Authentication */ = {
			isa = PBXGroup;
			children = (
				11D07A1B15CB840100639604 /* Anonymous */,
				11D07A1E15CB840100639604 /* Deprecated-Digest */,
				11D07A2115CB840100639604 /* Deprecated-Plain */,
				11D07A2415CB840100639604 /* Digest-MD5 */,
				11D07A2715CB840100639604 /* Plain */,
				11D07A2A15CB840100639604 /* X-Facebook-Platform */,
				11D07A2D15CB840100639604 /* XMPPSASLAuthentication.h */,
			);
			name = Authentication;
			path = XMPPFramework/Authentication;
			sourceTree = SOURCE_ROOT;
		};
		11D07A1B15CB840100639604 /* Anonymous */ = {
			isa = PBXGroup;
			children = (
				11D07A1C15CB840100639604 /* XMPPAnonymousAuthentication.h */,
				11D07A1D15CB840100639604 /* XMPPAnonymousAuthentication.m */,
			);
			path = Anonymous;
			sourceTree = "<group>";
		};
		11D07A1E15CB840100639604 /* Deprecated-Digest */ = {
			isa = PBXGroup;
			children = (
				11D07A1F15CB840100639604 /* XMPPDeprecatedDigestAuthentication.h */,
				11D07A2015CB840100639604 /* XMPPDeprecatedDigestAuthentication.m */,
			);
			path = "Deprecated-Digest";
			sourceTree = "<group>";
		};
		11D07A2115CB840100639604 /* Deprecated-Plain */ = {
			isa = PBXGroup;
			children = (
				11D07A2215CB840100639604 /* XMPPDeprecatedPlainAuthentication.h */,
				11D07A2315CB840100639604 /* XMPPDeprecatedPlainAuthentication.m */,
			);
			path = "Deprecated-Plain";
			sourceTree = "<group>";
		};
		11D07A2415CB840100639604 /* Digest-MD5 */ = {
			isa = PBXGroup;
			children = (
				11D07A2515CB840100639604 /* XMPPDigestMD5Authentication.h */,
				11D07A2615CB840100639604 /* XMPPDigestMD5Authentication.m */,
			);
			path = "Digest-MD5";
			sourceTree = "<group>";
		};
		11D07A2715CB840100639604 /* Plain */ = {
			isa = PBXGroup;
			children = (
				11D07A2815CB840100639604 /* XMPPPlainAuthentication.h */,
				11D07A2915CB840100639604 /* XMPPPlainAuthentication.m */,
			);
			path = Plain;
			sourceTree = "<group>";
		};
		11D07A2A15CB840100639604 /* X-Facebook-Platform */ = {
			isa = PBXGroup;
			children = (
				11D07A2B15CB840100639604 /* XMPPXFacebookPlatformAuthentication.h */,
				11D07A2C15CB840100639604 /* XMPPXFacebookPlatformAuthentication.m */,
			);
			path = "X-Facebook-Platform";
			sourceTree = "<group>";
		};
/* End PBXGroup section */

/* Begin PBXHeadersBuildPhase section */
		11D0798715CB802000639604 /* Headers */ = {
			isa = PBXHeadersBuildPhase;
			buildActionMask = 2147483647;
			files = (
				11D0799915CB807A00639604 /* GCDAsyncSocket.h in Headers */,
				11D079A515CB829800639604 /* idn-int.h in Headers */,
				11D079A715CB829900639604 /* stringprep.h in Headers */,
				11D079D015CB831A00639604 /* NSData+XMPP.h in Headers */,
				11D079D215CB831A00639604 /* NSNumber+XMPP.h in Headers */,
				11D079D415CB831A00639604 /* NSXMLElement+XMPP.h in Headers */,
				11D079D615CB831A00639604 /* XMPP.h in Headers */,
				11D079D715CB831A00639604 /* XMPPElement.h in Headers */,
				11D079D915CB831A00639604 /* XMPPInternal.h in Headers */,
				11D079DA15CB831A00639604 /* XMPPIQ.h in Headers */,
				11D079DC15CB831A00639604 /* XMPPJID.h in Headers */,
				11D079DE15CB831A00639604 /* XMPPLogging.h in Headers */,
				11D079DF15CB831A00639604 /* XMPPMessage.h in Headers */,
				11D079E115CB831A00639604 /* XMPPModule.h in Headers */,
				11D079E315CB831A00639604 /* XMPPParser.h in Headers */,
				11D079E515CB831A00639604 /* XMPPPresence.h in Headers */,
				11D079E715CB831A00639604 /* XMPPStream.h in Headers */,
				11D079E915CB831A00639604 /* DDList.h in Headers */,
				11D079EB15CB831A00639604 /* GCDMulticastDelegate.h in Headers */,
				11D079ED15CB831A00639604 /* LibIDN.h in Headers */,
				11D079EF15CB831A00639604 /* RFImageToDataTransformer.h in Headers */,
				11D079F115CB831A00639604 /* XMPPIDTracker.h in Headers */,
				11D079F315CB831A00639604 /* XMPPSRVResolver.h in Headers */,
				11D07A0715CB83B800639604 /* DDAbstractDatabaseLogger.h in Headers */,
				11D07A0915CB83B800639604 /* DDASLLogger.h in Headers */,
				11D07A0B15CB83B800639604 /* DDFileLogger.h in Headers */,
				11D07A0D15CB83B800639604 /* DDLog.h in Headers */,
				11D07A0F15CB83B800639604 /* DDTTYLogger.h in Headers */,
				11D07A1615CB83C600639604 /* ContextFilterLogFormatter.h in Headers */,
				11D07A1815CB83C600639604 /* DispatchQueueLogFormatter.h in Headers */,
				11D07A2E15CB840100639604 /* XMPPAnonymousAuthentication.h in Headers */,
				11D07A3015CB840100639604 /* XMPPDeprecatedDigestAuthentication.h in Headers */,
				11D07A3215CB840100639604 /* XMPPDeprecatedPlainAuthentication.h in Headers */,
				11D07A3415CB840100639604 /* XMPPDigestMD5Authentication.h in Headers */,
				11D07A3615CB840100639604 /* XMPPPlainAuthentication.h in Headers */,
				11D07A3815CB840100639604 /* XMPPXFacebookPlatformAuthentication.h in Headers */,
				11D07A3A15CB840100639604 /* XMPPSASLAuthentication.h in Headers */,
			);
			runOnlyForDeploymentPostprocessing = 0;
		};
/* End PBXHeadersBuildPhase section */

/* Begin PBXNativeTarget section */
		11D0794615CB7D5000639604 /* XMPPConsole */ = {
			isa = PBXNativeTarget;
			buildConfigurationList = 11D0796515CB7D5000639604 /* Build configuration list for PBXNativeTarget "XMPPConsole" */;
			buildPhases = (
				11D0794315CB7D5000639604 /* Sources */,
				11D0794415CB7D5000639604 /* Frameworks */,
				11D0794515CB7D5000639604 /* Resources */,
			);
			buildRules = (
			);
			dependencies = (
				11D07A7115CB8A4F00639604 /* PBXTargetDependency */,
			);
			name = XMPPConsole;
			productName = XMPPConsole;
			productReference = 11D0794715CB7D5000639604 /* XMPPConsole.app */;
			productType = "com.apple.product-type.application";
		};
		11D0798815CB802000639604 /* XMPP */ = {
			isa = PBXNativeTarget;
			buildConfigurationList = 11D0799115CB802000639604 /* Build configuration list for PBXNativeTarget "XMPP" */;
			buildPhases = (
				11D0798515CB802000639604 /* Sources */,
				11D0798615CB802000639604 /* Frameworks */,
				11D0798715CB802000639604 /* Headers */,
			);
			buildRules = (
			);
			dependencies = (
			);
			name = XMPP;
			productName = XMPP;
			productReference = 11D0798915CB802000639604 /* libXMPP.a */;
			productType = "com.apple.product-type.library.static";
		};
/* End PBXNativeTarget section */

/* Begin PBXProject section */
		11D0793E15CB7D5000639604 /* Project object */ = {
			isa = PBXProject;
			attributes = {
				CLASSPREFIX = XC;
				LastUpgradeCheck = 0440;
				ORGANIZATIONNAME = DavidBeck;
			};
			buildConfigurationList = 11D0794115CB7D5000639604 /* Build configuration list for PBXProject "XMPPConsole" */;
			compatibilityVersion = "Xcode 3.2";
			developmentRegion = English;
			hasScannedForEncodings = 0;
			knownRegions = (
				en,
			);
			mainGroup = 11D0793C15CB7D5000639604;
			productRefGroup = 11D0794815CB7D5000639604 /* Products */;
			projectDirPath = "";
			projectRoot = "";
			targets = (
				11D0794615CB7D5000639604 /* XMPPConsole */,
				11D0798815CB802000639604 /* XMPP */,
			);
		};
/* End PBXProject section */

/* Begin PBXResourcesBuildPhase section */
		11D0794515CB7D5000639604 /* Resources */ = {
			isa = PBXResourcesBuildPhase;
			buildActionMask = 2147483647;
			files = (
				11D0795615CB7D5000639604 /* InfoPlist.strings in Resources */,
				11D0795C15CB7D5000639604 /* Credits.rtf in Resources */,
				11D0796215CB7D5000639604 /* MainMenu.xib in Resources */,
				11D07A7615CC1A8700639604 /* XCConnectionDocument.xib in Resources */,
				11568AE415CD79D7009BBE6A /* Snipit-IQ.pdf in Resources */,
				11568AE515CD79D7009BBE6A /* Snipit-Message.pdf in Resources */,
				11568AE615CD79D7009BBE6A /* Snipit-Presence.pdf in Resources */,
				11568AEF15CD8FE0009BBE6A /* Snipit.png in Resources */,
				11568AF015CD8FE0009BBE6A /* Snipit@2x.png in Resources */,
			);
			runOnlyForDeploymentPostprocessing = 0;
		};
/* End PBXResourcesBuildPhase section */

/* Begin PBXSourcesBuildPhase section */
		11D0794315CB7D5000639604 /* Sources */ = {
			isa = PBXSourcesBuildPhase;
			buildActionMask = 2147483647;
			files = (
				11D0795815CB7D5000639604 /* main.m in Sources */,
				11D0795F15CB7D5000639604 /* XCAppDelegate.m in Sources */,
				11D07A7515CC1A8700639604 /* XCConnectionDocument.m in Sources */,
				11D07A8515CC923E00639604 /* XCJIDFormatter.m in Sources */,
				11568AAE15CCC4B4009BBE6A /* NSXMLElement+AttributedString.m in Sources */,
				11568AE915CD8A14009BBE6A /* XCSnippetController.m in Sources */,
				11568AEC15CD8AD8009BBE6A /* XCSnippet.m in Sources */,
			);
			runOnlyForDeploymentPostprocessing = 0;
		};
		11D0798515CB802000639604 /* Sources */ = {
			isa = PBXSourcesBuildPhase;
			buildActionMask = 2147483647;
			files = (
				11D0799A15CB807A00639604 /* GCDAsyncSocket.m in Sources */,
				11D079D115CB831A00639604 /* NSData+XMPP.m in Sources */,
				11D079D315CB831A00639604 /* NSNumber+XMPP.m in Sources */,
				11D079D515CB831A00639604 /* NSXMLElement+XMPP.m in Sources */,
				11D079D815CB831A00639604 /* XMPPElement.m in Sources */,
				11D079DB15CB831A00639604 /* XMPPIQ.m in Sources */,
				11D079DD15CB831A00639604 /* XMPPJID.m in Sources */,
				11D079E015CB831A00639604 /* XMPPMessage.m in Sources */,
				11D079E215CB831A00639604 /* XMPPModule.m in Sources */,
				11D079E415CB831A00639604 /* XMPPParser.m in Sources */,
				11D079E615CB831A00639604 /* XMPPPresence.m in Sources */,
				11D079E815CB831A00639604 /* XMPPStream.m in Sources */,
				11D079EA15CB831A00639604 /* DDList.m in Sources */,
				11D079EC15CB831A00639604 /* GCDMulticastDelegate.m in Sources */,
				11D079EE15CB831A00639604 /* LibIDN.m in Sources */,
				11D079F015CB831A00639604 /* RFImageToDataTransformer.m in Sources */,
				11D079F215CB831A00639604 /* XMPPIDTracker.m in Sources */,
				11D079F415CB831A00639604 /* XMPPSRVResolver.m in Sources */,
				11D07A0815CB83B800639604 /* DDAbstractDatabaseLogger.m in Sources */,
				11D07A0A15CB83B800639604 /* DDASLLogger.m in Sources */,
				11D07A0C15CB83B800639604 /* DDFileLogger.m in Sources */,
				11D07A0E15CB83B800639604 /* DDLog.m in Sources */,
				11D07A1015CB83B800639604 /* DDTTYLogger.m in Sources */,
				11D07A1715CB83C600639604 /* ContextFilterLogFormatter.m in Sources */,
				11D07A1915CB83C600639604 /* DispatchQueueLogFormatter.m in Sources */,
				11D07A2F15CB840100639604 /* XMPPAnonymousAuthentication.m in Sources */,
				11D07A3115CB840100639604 /* XMPPDeprecatedDigestAuthentication.m in Sources */,
				11D07A3315CB840100639604 /* XMPPDeprecatedPlainAuthentication.m in Sources */,
				11D07A3515CB840100639604 /* XMPPDigestMD5Authentication.m in Sources */,
				11D07A3715CB840100639604 /* XMPPPlainAuthentication.m in Sources */,
				11D07A3915CB840100639604 /* XMPPXFacebookPlatformAuthentication.m in Sources */,
			);
			runOnlyForDeploymentPostprocessing = 0;
		};
/* End PBXSourcesBuildPhase section */

/* Begin PBXTargetDependency section */
		11D07A7115CB8A4F00639604 /* PBXTargetDependency */ = {
			isa = PBXTargetDependency;
			target = 11D0798815CB802000639604 /* XMPP */;
			targetProxy = 11D07A7015CB8A4F00639604 /* PBXContainerItemProxy */;
		};
/* End PBXTargetDependency section */

/* Begin PBXVariantGroup section */
		11D0795415CB7D5000639604 /* InfoPlist.strings */ = {
			isa = PBXVariantGroup;
			children = (
				11D0795515CB7D5000639604 /* en */,
			);
			name = InfoPlist.strings;
			sourceTree = "<group>";
		};
		11D0795A15CB7D5000639604 /* Credits.rtf */ = {
			isa = PBXVariantGroup;
			children = (
				11D0795B15CB7D5000639604 /* en */,
			);
			name = Credits.rtf;
			sourceTree = "<group>";
		};
		11D0796015CB7D5000639604 /* MainMenu.xib */ = {
			isa = PBXVariantGroup;
			children = (
				11D0796115CB7D5000639604 /* en */,
			);
			name = MainMenu.xib;
			sourceTree = "<group>";
		};
/* End PBXVariantGroup section */

/* Begin XCBuildConfiguration section */
		11D0796315CB7D5000639604 /* Debug */ = {
			isa = XCBuildConfiguration;
			buildSettings = {
				ALWAYS_SEARCH_USER_PATHS = NO;
				ARCHS = "$(ARCHS_STANDARD_64_BIT)";
				CLANG_CXX_LANGUAGE_STANDARD = "gnu++0x";
				CLANG_ENABLE_OBJC_ARC = YES;
				CLANG_WARN__DUPLICATE_METHOD_MATCH = YES;
				COPY_PHASE_STRIP = NO;
				GCC_C_LANGUAGE_STANDARD = gnu99;
				GCC_DYNAMIC_NO_PIC = NO;
				GCC_ENABLE_OBJC_EXCEPTIONS = YES;
				GCC_OPTIMIZATION_LEVEL = 0;
				GCC_PREPROCESSOR_DEFINITIONS = (
					"DEBUG=1",
					"$(inherited)",
				);
				GCC_SYMBOLS_PRIVATE_EXTERN = NO;
				GCC_WARN_64_TO_32_BIT_CONVERSION = YES;
				GCC_WARN_ABOUT_RETURN_TYPE = YES;
				GCC_WARN_UNINITIALIZED_AUTOS = YES;
				GCC_WARN_UNUSED_VARIABLE = YES;
				MACOSX_DEPLOYMENT_TARGET = 10.8;
				ONLY_ACTIVE_ARCH = YES;
				OTHER_LDFLAGS = "-ObjC";
				SDKROOT = macosx;
			};
			name = Debug;
		};
		11D0796415CB7D5000639604 /* Release */ = {
			isa = XCBuildConfiguration;
			buildSettings = {
				ALWAYS_SEARCH_USER_PATHS = NO;
				ARCHS = "$(ARCHS_STANDARD_64_BIT)";
				CLANG_CXX_LANGUAGE_STANDARD = "gnu++0x";
				CLANG_ENABLE_OBJC_ARC = YES;
				CLANG_WARN__DUPLICATE_METHOD_MATCH = YES;
				COPY_PHASE_STRIP = YES;
				DEBUG_INFORMATION_FORMAT = "dwarf-with-dsym";
				GCC_C_LANGUAGE_STANDARD = gnu99;
				GCC_ENABLE_OBJC_EXCEPTIONS = YES;
				GCC_WARN_64_TO_32_BIT_CONVERSION = YES;
				GCC_WARN_ABOUT_RETURN_TYPE = YES;
				GCC_WARN_UNINITIALIZED_AUTOS = YES;
				GCC_WARN_UNUSED_VARIABLE = YES;
				MACOSX_DEPLOYMENT_TARGET = 10.8;
				OTHER_LDFLAGS = "-ObjC";
				SDKROOT = macosx;
			};
			name = Release;
		};
		11D0796615CB7D5000639604 /* Debug */ = {
			isa = XCBuildConfiguration;
			buildSettings = {
				COMBINE_HIDPI_IMAGES = YES;
				GCC_PRECOMPILE_PREFIX_HEADER = YES;
				GCC_PREFIX_HEADER = "XMPPConsole/XMPPConsole-Prefix.pch";
				INFOPLIST_FILE = "XMPPConsole/XMPPConsole-Info.plist";
				MACOSX_DEPLOYMENT_TARGET = 10.7;
				PRODUCT_NAME = "$(TARGET_NAME)";
				WRAPPER_EXTENSION = app;
			};
			name = Debug;
		};
		11D0796715CB7D5000639604 /* Release */ = {
			isa = XCBuildConfiguration;
			buildSettings = {
				COMBINE_HIDPI_IMAGES = YES;
				GCC_PRECOMPILE_PREFIX_HEADER = YES;
				GCC_PREFIX_HEADER = "XMPPConsole/XMPPConsole-Prefix.pch";
				INFOPLIST_FILE = "XMPPConsole/XMPPConsole-Info.plist";
				MACOSX_DEPLOYMENT_TARGET = 10.7;
				PRODUCT_NAME = "$(TARGET_NAME)";
				WRAPPER_EXTENSION = app;
			};
			name = Release;
		};
		11D0799215CB802000639604 /* Debug */ = {
			isa = XCBuildConfiguration;
			buildSettings = {
				GCC_PRECOMPILE_PREFIX_HEADER = YES;
				GCC_PREFIX_HEADER = "XMPP/XMPP-Prefix.pch";
				HEADER_SEARCH_PATHS = /usr/include/libxml2;
				LIBRARY_SEARCH_PATHS = (
					"$(inherited)",
					"\"$(SRCROOT)/XMPPFramework/Vendor/libidn\"",
				);
				PRODUCT_NAME = "$(TARGET_NAME)";
			};
			name = Debug;
		};
		11D0799315CB802000639604 /* Release */ = {
			isa = XCBuildConfiguration;
			buildSettings = {
				GCC_PRECOMPILE_PREFIX_HEADER = YES;
				GCC_PREFIX_HEADER = "XMPP/XMPP-Prefix.pch";
				HEADER_SEARCH_PATHS = /usr/include/libxml2;
				LIBRARY_SEARCH_PATHS = (
					"$(inherited)",
					"\"$(SRCROOT)/XMPPFramework/Vendor/libidn\"",
				);
				PRODUCT_NAME = "$(TARGET_NAME)";
			};
			name = Release;
		};
/* End XCBuildConfiguration section */

/* Begin XCConfigurationList section */
		11D0794115CB7D5000639604 /* Build configuration list for PBXProject "XMPPConsole" */ = {
			isa = XCConfigurationList;
			buildConfigurations = (
				11D0796315CB7D5000639604 /* Debug */,
				11D0796415CB7D5000639604 /* Release */,
			);
			defaultConfigurationIsVisible = 0;
			defaultConfigurationName = Release;
		};
		11D0796515CB7D5000639604 /* Build configuration list for PBXNativeTarget "XMPPConsole" */ = {
			isa = XCConfigurationList;
			buildConfigurations = (
				11D0796615CB7D5000639604 /* Debug */,
				11D0796715CB7D5000639604 /* Release */,
			);
			defaultConfigurationIsVisible = 0;
			defaultConfigurationName = Release;
		};
		11D0799115CB802000639604 /* Build configuration list for PBXNativeTarget "XMPP" */ = {
			isa = XCConfigurationList;
			buildConfigurations = (
				11D0799215CB802000639604 /* Debug */,
				11D0799315CB802000639604 /* Release */,
			);
			defaultConfigurationIsVisible = 0;
			defaultConfigurationName = Release;
		};
/* End XCConfigurationList section */
	};
	rootObject = 11D0793E15CB7D5000639604 /* Project object */;
}
